
Microsoft Visual Studio Solution File, Format Version 12.00
# Visual Studio Version 17
VisualStudioVersion = 17.8.34309.116
MinimumVisualStudioVersion = 10.0.40219.1
Project("{FAE04EC0-301F-11D3-BF4B-00C04F79EFBC}") = "LifeGame", "LifeGame\LifeGame.csproj", "{5F5B04D6-7A97-4949-8EED-34A4E6EFAAEE}"
EndProject
Global
	GlobalSection(SolutionConfigurationPlatforms) = preSolution
		Debug|Any CPU = Debug|Any CPU
		Release|Any CPU = Release|Any CPU
	EndGlobalSection
	GlobalSection(ProjectConfigurationPlatforms) = postSolution
		{5F5B04D6-7A97-4949-8EED-34A4E6EFAAEE}.Debug|Any CPU.ActiveCfg = Debug|Any CPU
		{5F5B04D6-7A97-4949-8EED-34A4E6EFAAEE}.Debug|Any CPU.Build.0 = Debug|Any CPU
		{5F5B04D6-7A97-4949-8EED-34A4E6EFAAEE}.Release|Any CPU.ActiveCfg = Release|Any CPU
		{5F5B04D6-7A97-4949-8EED-34A4E6EFAAEE}.Release|Any CPU.Build.0 = Release|Any CPU
	EndGlobalSection
	GlobalSection(SolutionProperties) = preSolution
		HideSolutionNode = FALSE
	EndGlobalSection
	GlobalSection(ExtensibilityGlobals) = postSolution
		SolutionGuid = {2E64C628-1BB3-4FC8-B928-665C666DF9C3}
	EndGlobalSection
EndGlobal
